
Microsoft Visual Studio Solution File, Format Version 12.00
# Visual Studio Version 16
VisualStudioVersion = 16.0.29215.179
MinimumVisualStudioVersion = 10.0.40219.1
Project("{FAE04EC0-301F-11D3-BF4B-00C04F79EFBC}") = "BankAccountNS", "BankAccountNS\BankAccountNS.csproj", "{7E089997-D145-4CCB-A200-4B0FA178555D}"
EndProject
Project("{FAE04EC0-301F-11D3-BF4B-00C04F79EFBC}") = "BankTest", "BankTest\BankTest.csproj", "{C46D5242-25A0-4FAF-BF93-E276E276C221}"
EndProject
Global
	GlobalSection(SolutionConfigurationPlatforms) = preSolution
		Debug|Any CPU = Debug|Any CPU
		Release|Any CPU = Release|Any CPU
	EndGlobalSection
	GlobalSection(ProjectConfigurationPlatforms) = postSolution
		{7E089997-D145-4CCB-A200-4B0FA178555D}.Debug|Any CPU.ActiveCfg = Debug|Any CPU
		{7E089997-D145-4CCB-A200-4B0FA178555D}.Debug|Any CPU.Build.0 = Debug|Any CPU
		{7E089997-D145-4CCB-A200-4B0FA178555D}.Release|Any CPU.ActiveCfg = Release|Any CPU
		{7E089997-D145-4CCB-A200-4B0FA178555D}.Release|Any CPU.Build.0 = Release|Any CPU
		{C46D5242-25A0-4FAF-BF93-E276E276C221}.Debug|Any CPU.ActiveCfg = Debug|Any CPU
		{C46D5242-25A0-4FAF-BF93-E276E276C221}.Debug|Any CPU.Build.0 = Debug|Any CPU
		{C46D5242-25A0-4FAF-BF93-E276E276C221}.Release|Any CPU.ActiveCfg = Release|Any CPU
		{C46D5242-25A0-4FAF-BF93-E276E276C221}.Release|Any CPU.Build.0 = Release|Any CPU
	EndGlobalSection
	GlobalSection(SolutionProperties) = preSolution
		HideSolutionNode = FALSE
	EndGlobalSection
	GlobalSection(ExtensibilityGlobals) = postSolution
		SolutionGuid = {87EB8A08-A736-4670-B8E4-53911A1DCD84}
	EndGlobalSection
EndGlobal
